{
  "name": "playwright-library",
  "version": "1.0.0",
  "lockfileVersion": 2,
  "requires": true,
  "packages": {
    "": {
      "name": "playwright-library",
      "version": "1.0.0",
      "license": "ISC",
      "dependencies": {
        "playwright": "^1.22.1"
      }
    },
    "node_modules/playwright": {
      "version": "1.22.1",
      "resolved": "https://registry.npmjs.org/playwright/-/playwright-1.22.1.tgz",
      "integrity": "sha512-pn4dvphQdL3zTgI+xfqkTL3HK1xbtQz+zjJxzyhwKLDxMNuAH7/NCm75auWbYLyssdnvApznujwrQuJvqXTKUw==",
      "hasInstallScript": true,
      "dependencies": {
        "playwright-core": "1.22.1"
      },
      "bin": {
        "playwright": "cli.js"
      },
      "engines": {
        "node": ">=14"
      }
    },
    "node_modules/playwright-core": {
      "version": "1.22.1",
      "resolved": "https://registry.npmjs.org/playwright-core/-/playwright-core-1.22.1.tgz",
      "integrity": "sha512-H+ZUVYnceWNXrRf3oxTEKAr81QzFsCKu5Fp//fEjQvqgKkfA1iX3E9DBrPJpPNOrgVzcE+IqeI0fDmYJe6Ynnw==",
      "bin": {
        "playwright": "cli.js"
      },
      "engines": {
        "node": ">=14"
      }
    }
  },
  "dependencies": {
    "playwright": {
      "version": "1.22.1",
      "resolved": "https://registry.npmjs.org/playwright/-/playwright-1.22.1.tgz",
      "integrity": "sha512-pn4dvphQdL3zTgI+xfqkTL3HK1xbtQz+zjJxzyhwKLDxMNuAH7/NCm75auWbYLyssdnvApznujwrQuJvqXTKUw==",
      "requires": {
        "playwright-core": "1.22.1"
      }
    },
    "playwright-core": {
      "version": "1.22.1",
      "resolved": "https://registry.npmjs.org/playwright-core/-/playwright-core-1.22.1.tgz",
      "integrity": "sha512-H+ZUVYnceWNXrRf3oxTEKAr81QzFsCKu5Fp//fEjQvqgKkfA1iX3E9DBrPJpPNOrgVzcE+IqeI0fDmYJe6Ynnw=="
    }
  }
}
